[[package]]
name = 'core'
source = 'path+from-root-91563E0DA237BDEC'

[[package]]
name = 'hyp-erc20'
source = 'member'
dependencies = [
    'hyperlane_connection_client',
    'hyperlane_gas_router',
    'hyperlane_interfaces',
    'hyperlane_router',
    'ownership',
    'std',
    'token_interface',
    'token_router',
]

[[package]]
name = 'hyperlane-connection-client-test'
source = 'member'
dependencies = [
    'hyperlane_connection_client',
    'std',
]

[[package]]
name = 'hyperlane-gas-router-test'
source = 'member'
dependencies = [
    'hyperlane_connection_client',
    'hyperlane_gas_router',
    'hyperlane_router',
    'std',
]

[[package]]
name = 'hyperlane-router-test'
source = 'member'
dependencies = [
    'hyperlane_connection_client',
    'hyperlane_router',
    'std',
]

[[package]]
name = 'hyperlane_connection_client'
source = 'member'
dependencies = [
    'hyperlane_interfaces',
    'std',
    'std_lib_extended',
]

[[package]]
name = 'hyperlane_gas_router'
source = 'member'
dependencies = [
    'hyperlane_connection_client',
    'hyperlane_interfaces',
    'hyperlane_router',
    'std',
]

[[package]]
name = 'hyperlane_interfaces'
source = 'path+from-root-89F8226D779647F1'
dependencies = [
    'hyperlane_message',
    'ownership',
    'std',
]

[[package]]
name = 'hyperlane_message'
source = 'path+from-root-89F8226D779647F1'
dependencies = [
    'std',
    'std_lib_extended',
]

[[package]]
name = 'hyperlane_router'
source = 'member'
dependencies = [
    'hyperlane_connection_client',
    'hyperlane_interfaces',
    'std',
    'std_lib_extended',
]

[[package]]
name = 'message'
source = 'member'
dependencies = [
    'std',
    'std_lib_extended',
]

[[package]]
name = 'mock-interchain-gas-paymaster'
source = 'member'
dependencies = [
    'hyperlane_interfaces',
    'std',
]

[[package]]
name = 'mock-mailbox'
source = 'member'
dependencies = [
    'hyperlane_interfaces',
    'hyperlane_message',
    'std',
    'std_lib_extended',
]

[[package]]
name = 'ownership'
source = 'path+from-root-89F8226D779647F1'
dependencies = ['std']

[[package]]
name = 'std'
source = 'git+https://github.com/fuellabs/sway?tag=v0.37.1#83e5479462ed2883591669a42552606ac25f0a04'
dependencies = ['core']

[[package]]
name = 'std_lib_extended'
source = 'path+from-root-89F8226D779647F1'
dependencies = ['std']

[[package]]
name = 'token_interface'
source = 'member'
dependencies = ['std']

[[package]]
name = 'token_router'
source = 'member'
dependencies = [
    'hyperlane_gas_router',
    'message',
    'std',
    'std_lib_extended',
]
