[[package]]
name = 'core'
source = 'path+from-root-1AA1C8235B783A81'

[[package]]
name = 'hyp-erc20'
source = 'member'
dependencies = [
    'hyperlane_connection_client',
    'hyperlane_gas_router',
    'hyperlane_interfaces',
    'hyperlane_router',
    'ownership',
    'std',
    'token_interface',
    'token_router',
]

[[package]]
name = 'hyp_erc20_test'
source = 'member'
dependencies = [
    'hyperlane_connection_client',
    'hyperlane_gas_router',
    'hyperlane_router',
    'std',
    'token_router',
]

[[package]]
name = 'hyperlane-connection-client-test'
source = 'member'
dependencies = [
    'hyperlane_connection_client',
    'std',
]

[[package]]
name = 'hyperlane-gas-router-test'
source = 'member'
dependencies = [
    'hyperlane_connection_client',
    'hyperlane_gas_router',
    'hyperlane_router',
    'std',
]

[[package]]
name = 'hyperlane-router-test'
source = 'member'
dependencies = [
    'hyperlane_connection_client',
    'hyperlane_router',
    'std',
]

[[package]]
name = 'hyperlane_connection_client'
source = 'member'
dependencies = [
    'hyperlane_interfaces',
    'std',
    'std_lib_extended git+https://github.com/hyperlane-xyz/fuel-contracts?rev#1f99212e778bd839efa548d7e44b12e7ac06f3c2',
]

[[package]]
name = 'hyperlane_gas_router'
source = 'member'
dependencies = [
    'hyperlane_connection_client',
    'hyperlane_interfaces',
    'hyperlane_router',
    'std',
]

[[package]]
name = 'hyperlane_interfaces'
source = 'git+https://github.com/hyperlane-xyz/fuel-contracts?rev#1f99212e778bd839efa548d7e44b12e7ac06f3c2'
dependencies = [
    'hyperlane_message path+from-root-76C25FD7D7E9A2FB',
    'ownership',
    'std',
]

[[package]]
name = 'hyperlane_message'
source = 'git+https://github.com/hyperlane-xyz/fuel-contracts?rev#1f99212e778bd839efa548d7e44b12e7ac06f3c2'
dependencies = [
    'std',
    'std_lib_extended path+from-root-ABC708238BCAAEB8',
]

[[package]]
name = 'hyperlane_message'
source = 'path+from-root-76C25FD7D7E9A2FB'
dependencies = [
    'std',
    'std_lib_extended path+from-root-76C25FD7D7E9A2FB',
]

[[package]]
name = 'hyperlane_router'
source = 'member'
dependencies = [
    'hyperlane_connection_client',
    'hyperlane_interfaces',
    'std',
    'std_lib_extended git+https://github.com/hyperlane-xyz/fuel-contracts?rev#1f99212e778bd839efa548d7e44b12e7ac06f3c2',
]

[[package]]
name = 'message'
source = 'member'
dependencies = [
    'std',
    'std_lib_extended git+https://github.com/hyperlane-xyz/fuel-contracts?rev#1f99212e778bd839efa548d7e44b12e7ac06f3c2',
]

[[package]]
name = 'mock-interchain-gas-paymaster'
source = 'member'
dependencies = [
    'hyperlane_interfaces',
    'std',
]

[[package]]
name = 'mock-mailbox'
source = 'member'
dependencies = [
    'hyperlane_interfaces',
    'hyperlane_message git+https://github.com/hyperlane-xyz/fuel-contracts?rev#1f99212e778bd839efa548d7e44b12e7ac06f3c2',
    'std',
    'std_lib_extended git+https://github.com/hyperlane-xyz/fuel-contracts?rev#1f99212e778bd839efa548d7e44b12e7ac06f3c2',
]

[[package]]
name = 'ownership'
source = 'git+https://github.com/fuellabs/sway-libs?tag=v0.9.0#01cb23bfc13be2a95c81dec17933f84991337ac9'
dependencies = ['std']

[[package]]
name = 'std'
source = 'git+https://github.com/fuellabs/sway?tag=v0.38.0#2d16d70ab9d5ab0de0255941048f811b6d07c6b1'
dependencies = ['core']

[[package]]
name = 'std_lib_extended'
source = 'git+https://github.com/hyperlane-xyz/fuel-contracts?rev#1f99212e778bd839efa548d7e44b12e7ac06f3c2'
dependencies = ['std']

[[package]]
name = 'std_lib_extended'
source = 'path+from-root-76C25FD7D7E9A2FB'
dependencies = ['std']

[[package]]
name = 'std_lib_extended'
source = 'path+from-root-ABC708238BCAAEB8'
dependencies = ['std']

[[package]]
name = 'token_interface'
source = 'member'
dependencies = ['std']

[[package]]
name = 'token_router'
source = 'member'
dependencies = [
    'hyperlane_gas_router',
    'message',
    'std',
    'std_lib_extended git+https://github.com/hyperlane-xyz/fuel-contracts?rev#1f99212e778bd839efa548d7e44b12e7ac06f3c2',
]
