[[package]]
name = 'core'
source = 'path+from-root-91563E0DA237BDEC'

[[package]]
name = 'hyp-erc20'
source = 'member'
dependencies = [
    'hyperlane_connection_client',
    'hyperlane_gas_router',
    'hyperlane_interfaces',
    'hyperlane_router',
    'ownership git+https://github.com/fuellabs/sway-libs?tag=v0.8.0#f6bb5c234e020d556e1bc688e0f1f368dc9b0f9a',
    'std',
    'token_interface',
]

[[package]]
name = 'hyperlane-connection-client-test'
source = 'member'
dependencies = [
    'hyperlane_connection_client',
    'std',
]

[[package]]
name = 'hyperlane-gas-router-test'
source = 'member'
dependencies = [
    'hyperlane_connection_client',
    'hyperlane_gas_router',
    'hyperlane_router',
    'std',
]

[[package]]
name = 'hyperlane-router-test'
source = 'member'
dependencies = [
    'hyperlane_connection_client',
    'hyperlane_router',
    'std',
]

[[package]]
name = 'hyperlane_connection_client'
source = 'member'
dependencies = [
    'hyperlane_interfaces',
    'std',
    'std_lib_extended git+https://github.com/hyperlane-xyz/fuel-contracts?rev#71e6d378896350da04789ce003c3ad70ba3258a4',
]

[[package]]
name = 'hyperlane_gas_router'
source = 'member'
dependencies = [
    'hyperlane_connection_client',
    'hyperlane_interfaces',
    'hyperlane_router',
    'std',
]

[[package]]
name = 'hyperlane_interfaces'
source = 'git+https://github.com/hyperlane-xyz/fuel-contracts?rev#71e6d378896350da04789ce003c3ad70ba3258a4'
dependencies = [
    'hyperlane_message path+from-root-FE6CD7EFF5600710',
    'ownership git+https://github.com/fuellabs/sway-libs?rev#f6bb5c234e020d556e1bc688e0f1f368dc9b0f9a',
    'std',
]

[[package]]
name = 'hyperlane_message'
source = 'git+https://github.com/hyperlane-xyz/fuel-contracts?rev#71e6d378896350da04789ce003c3ad70ba3258a4'
dependencies = [
    'std',
    'std_lib_extended path+from-root-9D1CE095315E941A',
]

[[package]]
name = 'hyperlane_message'
source = 'path+from-root-FE6CD7EFF5600710'
dependencies = [
    'std',
    'std_lib_extended path+from-root-FE6CD7EFF5600710',
]

[[package]]
name = 'hyperlane_router'
source = 'member'
dependencies = [
    'hyperlane_connection_client',
    'hyperlane_interfaces',
    'std',
    'std_lib_extended git+https://github.com/hyperlane-xyz/fuel-contracts?rev#71e6d378896350da04789ce003c3ad70ba3258a4',
]

[[package]]
name = 'mock-interchain-gas-paymaster'
source = 'member'
dependencies = [
    'hyperlane_interfaces',
    'std',
]

[[package]]
name = 'mock-mailbox'
source = 'member'
dependencies = [
    'hyperlane_interfaces',
    'hyperlane_message git+https://github.com/hyperlane-xyz/fuel-contracts?rev#71e6d378896350da04789ce003c3ad70ba3258a4',
    'std',
    'std_lib_extended git+https://github.com/hyperlane-xyz/fuel-contracts?rev#71e6d378896350da04789ce003c3ad70ba3258a4',
]

[[package]]
name = 'ownership'
source = 'git+https://github.com/fuellabs/sway-libs?rev#f6bb5c234e020d556e1bc688e0f1f368dc9b0f9a'
dependencies = ['std']

[[package]]
name = 'ownership'
source = 'git+https://github.com/fuellabs/sway-libs?tag=v0.8.0#f6bb5c234e020d556e1bc688e0f1f368dc9b0f9a'
dependencies = ['std']

[[package]]
name = 'std'
source = 'git+https://github.com/fuellabs/sway?tag=v0.37.1#83e5479462ed2883591669a42552606ac25f0a04'
dependencies = ['core']

[[package]]
name = 'std_lib_extended'
source = 'git+https://github.com/hyperlane-xyz/fuel-contracts?rev#71e6d378896350da04789ce003c3ad70ba3258a4'
dependencies = ['std']

[[package]]
name = 'std_lib_extended'
source = 'path+from-root-9D1CE095315E941A'
dependencies = ['std']

[[package]]
name = 'std_lib_extended'
source = 'path+from-root-FE6CD7EFF5600710'
dependencies = ['std']

[[package]]
name = 'token_interface'
source = 'member'
dependencies = ['std']
